
Microsoft Visual Studio Solution File, Format Version 12.00
# Visual Studio Version 16
VisualStudioVersion = 16.0.32428.217
MinimumVisualStudioVersion = 10.0.40219.1
Project("{FAE04EC0-301F-11D3-BF4B-00C04F79EFBC}") = "day25_02", "day25_02\day25_02.csproj", "{453E663D-2EF3-4350-B60E-AF39D2A1E6DE}"
EndProject
Global
	GlobalSection(SolutionConfigurationPlatforms) = preSolution
		Debug|Any CPU = Debug|Any CPU
		Release|Any CPU = Release|Any CPU
	EndGlobalSection
	GlobalSection(ProjectConfigurationPlatforms) = postSolution
		{453E663D-2EF3-4350-B60E-AF39D2A1E6DE}.Debug|Any CPU.ActiveCfg = Debug|Any CPU
		{453E663D-2EF3-4350-B60E-AF39D2A1E6DE}.Debug|Any CPU.Build.0 = Debug|Any CPU
		{453E663D-2EF3-4350-B60E-AF39D2A1E6DE}.Release|Any CPU.ActiveCfg = Release|Any CPU
		{453E663D-2EF3-4350-B60E-AF39D2A1E6DE}.Release|Any CPU.Build.0 = Release|Any CPU
	EndGlobalSection
	GlobalSection(SolutionProperties) = preSolution
		HideSolutionNode = FALSE
	EndGlobalSection
	GlobalSection(ExtensibilityGlobals) = postSolution
		SolutionGuid = {3BE0D95B-55A6-46F7-A035-5116A409527C}
	EndGlobalSection
EndGlobal
